// !$*UTF8*$!
{
	archiveVersion = 1;
	classes = {
	};
	objectVersion = 50;
	objects = {

/* Begin PBXBuildFile section */
		9B42A88125D7E71400C16D49 /* AppDelegate.swift in Sources */ = {isa = PBXBuildFile; fileRef = 9B42A88025D7E71400C16D49 /* AppDelegate.swift */; };
		9B42A88325D7E71400C16D49 /* SceneDelegate.swift in Sources */ = {isa = PBXBuildFile; fileRef = 9B42A88225D7E71400C16D49 /* SceneDelegate.swift */; };
		9B42A88525D7E71400C16D49 /* ContentView.swift in Sources */ = {isa = PBXBuildFile; fileRef = 9B42A88425D7E71400C16D49 /* ContentView.swift */; };
		9B42A88725D7E71500C16D49 /* Assets.xcassets in Resources */ = {isa = PBXBuildFile; fileRef = 9B42A88625D7E71500C16D49 /* Assets.xcassets */; };
		9B42A88A25D7E71500C16D49 /* Preview Assets.xcassets in Resources */ = {isa = PBXBuildFile; fileRef = 9B42A88925D7E71500C16D49 /* Preview Assets.xcassets */; };
		9B42A88D25D7E71500C16D49 /* LaunchScreen.storyboard in Resources */ = {isa = PBXBuildFile; fileRef = 9B42A88B25D7E71500C16D49 /* LaunchScreen.storyboard */; };
		9B42A89825D7E71500C16D49 /* MovieDB_iOSTests.swift in Sources */ = {isa = PBXBuildFile; fileRef = 9B42A89725D7E71500C16D49 /* MovieDB_iOSTests.swift */; };
		9B42A8A325D7E71500C16D49 /* MovieDB_iOSUITests.swift in Sources */ = {isa = PBXBuildFile; fileRef = 9B42A8A225D7E71500C16D49 /* MovieDB_iOSUITests.swift */; };
/* End PBXBuildFile section */

/* Begin PBXContainerItemProxy section */
		9B42A89425D7E71500C16D49 /* PBXContainerItemProxy */ = {
			isa = PBXContainerItemProxy;
			containerPortal = 9B42A87525D7E71400C16D49 /* Project object */;
			proxyType = 1;
			remoteGlobalIDString = 9B42A87C25D7E71400C16D49;
			remoteInfo = MovieDB_iOS;
		};
		9B42A89F25D7E71500C16D49 /* PBXContainerItemProxy */ = {
			isa = PBXContainerItemProxy;
			containerPortal = 9B42A87525D7E71400C16D49 /* Project object */;
			proxyType = 1;
			remoteGlobalIDString = 9B42A87C25D7E71400C16D49;
			remoteInfo = MovieDB_iOS;
		};
/* End PBXContainerItemProxy section */

/* Begin PBXFileReference section */
		9B42A87D25D7E71400C16D49 /* MovieDB_iOS.app */ = {isa = PBXFileReference; explicitFileType = wrapper.application; includeInIndex = 0; path = MovieDB_iOS.app; sourceTree = BUILT_PRODUCTS_DIR; };
		9B42A88025D7E71400C16D49 /* AppDelegate.swift */ = {isa = PBXFileReference; lastKnownFileType = sourcecode.swift; path = AppDelegate.swift; sourceTree = "<group>"; };
		9B42A88225D7E71400C16D49 /* SceneDelegate.swift */ = {isa = PBXFileReference; lastKnownFileType = sourcecode.swift; path = SceneDelegate.swift; sourceTree = "<group>"; };
		9B42A88425D7E71400C16D49 /* ContentView.swift */ = {isa = PBXFileReference; lastKnownFileType = sourcecode.swift; path = ContentView.swift; sourceTree = "<group>"; };
		9B42A88625D7E71500C16D49 /* Assets.xcassets */ = {isa = PBXFileReference; lastKnownFileType = folder.assetcatalog; path = Assets.xcassets; sourceTree = "<group>"; };
		9B42A88925D7E71500C16D49 /* Preview Assets.xcassets */ = {isa = PBXFileReference; lastKnownFileType = folder.assetcatalog; path = "Preview Assets.xcassets"; sourceTree = "<group>"; };
		9B42A88C25D7E71500C16D49 /* Base */ = {isa = PBXFileReference; lastKnownFileType = file.storyboard; name = Base; path = Base.lproj/LaunchScreen.storyboard; sourceTree = "<group>"; };
		9B42A88E25D7E71500C16D49 /* Info.plist */ = {isa = PBXFileReference; lastKnownFileType = text.plist.xml; path = Info.plist; sourceTree = "<group>"; };
		9B42A89325D7E71500C16D49 /* MovieDB_iOSTests.xctest */ = {isa = PBXFileReference; explicitFileType = wrapper.cfbundle; includeInIndex = 0; path = MovieDB_iOSTests.xctest; sourceTree = BUILT_PRODUCTS_DIR; };
		9B42A89725D7E71500C16D49 /* MovieDB_iOSTests.swift */ = {isa = PBXFileReference; lastKnownFileType = sourcecode.swift; path = MovieDB_iOSTests.swift; sourceTree = "<group>"; };
		9B42A89925D7E71500C16D49 /* Info.plist */ = {isa = PBXFileReference; lastKnownFileType = text.plist.xml; path = Info.plist; sourceTree = "<group>"; };
		9B42A89E25D7E71500C16D49 /* MovieDB_iOSUITests.xctest */ = {isa = PBXFileReference; explicitFileType = wrapper.cfbundle; includeInIndex = 0; path = MovieDB_iOSUITests.xctest; sourceTree = BUILT_PRODUCTS_DIR; };
		9B42A8A225D7E71500C16D49 /* MovieDB_iOSUITests.swift */ = {isa = PBXFileReference; lastKnownFileType = sourcecode.swift; path = MovieDB_iOSUITests.swift; sourceTree = "<group>"; };
		9B42A8A425D7E71500C16D49 /* Info.plist */ = {isa = PBXFileReference; lastKnownFileType = text.plist.xml; path = Info.plist; sourceTree = "<group>"; };
/* End PBXFileReference section */

/* Begin PBXFrameworksBuildPhase section */
		9B42A87A25D7E71400C16D49 /* Frameworks */ = {
			isa = PBXFrameworksBuildPhase;
			buildActionMask = 2147483647;
			files = (
			);
			runOnlyForDeploymentPostprocessing = 0;
		};
		9B42A89025D7E71500C16D49 /* Frameworks */ = {
			isa = PBXFrameworksBuildPhase;
			buildActionMask = 2147483647;
			files = (
			);
			runOnlyForDeploymentPostprocessing = 0;
		};
		9B42A89B25D7E71500C16D49 /* Frameworks */ = {
			isa = PBXFrameworksBuildPhase;
			buildActionMask = 2147483647;
			files = (
			);
			runOnlyForDeploymentPostprocessing = 0;
		};
/* End PBXFrameworksBuildPhase section */

/* Begin PBXGroup section */
		9B42A87425D7E71400C16D49 = {
			isa = PBXGroup;
			children = (
				9B42A87F25D7E71400C16D49 /* MovieDB_iOS */,
				9B42A89625D7E71500C16D49 /* MovieDB_iOSTests */,
				9B42A8A125D7E71500C16D49 /* MovieDB_iOSUITests */,
				9B42A87E25D7E71400C16D49 /* Products */,
			);
			sourceTree = "<group>";
		};
		9B42A87E25D7E71400C16D49 /* Products */ = {
			isa = PBXGroup;
			children = (
				9B42A87D25D7E71400C16D49 /* MovieDB_iOS.app */,
				9B42A89325D7E71500C16D49 /* MovieDB_iOSTests.xctest */,
				9B42A89E25D7E71500C16D49 /* MovieDB_iOSUITests.xctest */,
			);
			name = Products;
			sourceTree = "<group>";
		};
		9B42A87F25D7E71400C16D49 /* MovieDB_iOS */ = {
			isa = PBXGroup;
			children = (
				9B42A88025D7E71400C16D49 /* AppDelegate.swift */,
				9B42A88225D7E71400C16D49 /* SceneDelegate.swift */,
				9B42A88425D7E71400C16D49 /* ContentView.swift */,
				9B42A88625D7E71500C16D49 /* Assets.xcassets */,
				9B42A88B25D7E71500C16D49 /* LaunchScreen.storyboard */,
				9B42A88E25D7E71500C16D49 /* Info.plist */,
				9B42A88825D7E71500C16D49 /* Preview Content */,
			);
			path = MovieDB_iOS;
			sourceTree = "<group>";
		};
		9B42A88825D7E71500C16D49 /* Preview Content */ = {
			isa = PBXGroup;
			children = (
				9B42A88925D7E71500C16D49 /* Preview Assets.xcassets */,
			);
			path = "Preview Content";
			sourceTree = "<group>";
		};
		9B42A89625D7E71500C16D49 /* MovieDB_iOSTests */ = {
			isa = PBXGroup;
			children = (
				9B42A89725D7E71500C16D49 /* MovieDB_iOSTests.swift */,
				9B42A89925D7E71500C16D49 /* Info.plist */,
			);
			path = MovieDB_iOSTests;
			sourceTree = "<group>";
		};
		9B42A8A125D7E71500C16D49 /* MovieDB_iOSUITests */ = {
			isa = PBXGroup;
			children = (
				9B42A8A225D7E71500C16D49 /* MovieDB_iOSUITests.swift */,
				9B42A8A425D7E71500C16D49 /* Info.plist */,
			);
			path = MovieDB_iOSUITests;
			sourceTree = "<group>";
		};
/* End PBXGroup section */

/* Begin PBXNativeTarget section */
		9B42A87C25D7E71400C16D49 /* MovieDB_iOS */ = {
			isa = PBXNativeTarget;
			buildConfigurationList = 9B42A8A725D7E71500C16D49 /* Build configuration list for PBXNativeTarget "MovieDB_iOS" */;
			buildPhases = (
				9B42A87925D7E71400C16D49 /* Sources */,
				9B42A87A25D7E71400C16D49 /* Frameworks */,
				9B42A87B25D7E71400C16D49 /* Resources */,
			);
			buildRules = (
			);
			dependencies = (
			);
			name = MovieDB_iOS;
			productName = MovieDB_iOS;
			productReference = 9B42A87D25D7E71400C16D49 /* MovieDB_iOS.app */;
			productType = "com.apple.product-type.application";
		};
		9B42A89225D7E71500C16D49 /* MovieDB_iOSTests */ = {
			isa = PBXNativeTarget;
			buildConfigurationList = 9B42A8AA25D7E71500C16D49 /* Build configuration list for PBXNativeTarget "MovieDB_iOSTests" */;
			buildPhases = (
				9B42A88F25D7E71500C16D49 /* Sources */,
				9B42A89025D7E71500C16D49 /* Frameworks */,
				9B42A89125D7E71500C16D49 /* Resources */,
			);
			buildRules = (
			);
			dependencies = (
				9B42A89525D7E71500C16D49 /* PBXTargetDependency */,
			);
			name = MovieDB_iOSTests;
			productName = MovieDB_iOSTests;
			productReference = 9B42A89325D7E71500C16D49 /* MovieDB_iOSTests.xctest */;
			productType = "com.apple.product-type.bundle.unit-test";
		};
		9B42A89D25D7E71500C16D49 /* MovieDB_iOSUITests */ = {
			isa = PBXNativeTarget;
			buildConfigurationList = 9B42A8AD25D7E71500C16D49 /* Build configuration list for PBXNativeTarget "MovieDB_iOSUITests" */;
			buildPhases = (
				9B42A89A25D7E71500C16D49 /* Sources */,
				9B42A89B25D7E71500C16D49 /* Frameworks */,
				9B42A89C25D7E71500C16D49 /* Resources */,
			);
			buildRules = (
			);
			dependencies = (
				9B42A8A025D7E71500C16D49 /* PBXTargetDependency */,
			);
			name = MovieDB_iOSUITests;
			productName = MovieDB_iOSUITests;
			productReference = 9B42A89E25D7E71500C16D49 /* MovieDB_iOSUITests.xctest */;
			productType = "com.apple.product-type.bundle.ui-testing";
		};
/* End PBXNativeTarget section */

/* Begin PBXProject section */
		9B42A87525D7E71400C16D49 /* Project object */ = {
			isa = PBXProject;
			attributes = {
				LastSwiftUpdateCheck = 1130;
				LastUpgradeCheck = 1130;
				ORGANIZATIONNAME = "Asim Hakami";
				TargetAttributes = {
					9B42A87C25D7E71400C16D49 = {
						CreatedOnToolsVersion = 11.3.1;
					};
					9B42A89225D7E71500C16D49 = {
						CreatedOnToolsVersion = 11.3.1;
						TestTargetID = 9B42A87C25D7E71400C16D49;
					};
					9B42A89D25D7E71500C16D49 = {
						CreatedOnToolsVersion = 11.3.1;
						TestTargetID = 9B42A87C25D7E71400C16D49;
					};
				};
			};
			buildConfigurationList = 9B42A87825D7E71400C16D49 /* Build configuration list for PBXProject "MovieDB_iOS" */;
			compatibilityVersion = "Xcode 9.3";
			developmentRegion = en;
			hasScannedForEncodings = 0;
			knownRegions = (
				en,
				Base,
			);
			mainGroup = 9B42A87425D7E71400C16D49;
			productRefGroup = 9B42A87E25D7E71400C16D49 /* Products */;
			projectDirPath = "";
			projectRoot = "";
			targets = (
				9B42A87C25D7E71400C16D49 /* MovieDB_iOS */,
				9B42A89225D7E71500C16D49 /* MovieDB_iOSTests */,
				9B42A89D25D7E71500C16D49 /* MovieDB_iOSUITests */,
			);
		};
/* End PBXProject section */

/* Begin PBXResourcesBuildPhase section */
		9B42A87B25D7E71400C16D49 /* Resources */ = {
			isa = PBXResourcesBuildPhase;
			buildActionMask = 2147483647;
			files = (
				9B42A88D25D7E71500C16D49 /* LaunchScreen.storyboard in Resources */,
				9B42A88A25D7E71500C16D49 /* Preview Assets.xcassets in Resources */,
				9B42A88725D7E71500C16D49 /* Assets.xcassets in Resources */,
			);
			runOnlyForDeploymentPostprocessing = 0;
		};
		9B42A89125D7E71500C16D49 /* Resources */ = {
			isa = PBXResourcesBuildPhase;
			buildActionMask = 2147483647;
			files = (
			);
			runOnlyForDeploymentPostprocessing = 0;
		};
		9B42A89C25D7E71500C16D49 /* Resources */ = {
			isa = PBXResourcesBuildPhase;
			buildActionMask = 2147483647;
			files = (
			);
			runOnlyForDeploymentPostprocessing = 0;
		};
/* End PBXResourcesBuildPhase section */

/* Begin PBXSourcesBuildPhase section */
		9B42A87925D7E71400C16D49 /* Sources */ = {
			isa = PBXSourcesBuildPhase;
			buildActionMask = 2147483647;
			files = (
				9B42A88125D7E71400C16D49 /* AppDelegate.swift in Sources */,
				9B42A88325D7E71400C16D49 /* SceneDelegate.swift in Sources */,
				9B42A88525D7E71400C16D49 /* ContentView.swift in Sources */,
			);
			runOnlyForDeploymentPostprocessing = 0;
		};
		9B42A88F25D7E71500C16D49 /* Sources */ = {
			isa = PBXSourcesBuildPhase;
			buildActionMask = 2147483647;
			files = (
				9B42A89825D7E71500C16D49 /* MovieDB_iOSTests.swift in Sources */,
			);
			runOnlyForDeploymentPostprocessing = 0;
		};
		9B42A89A25D7E71500C16D49 /* Sources */ = {
			isa = PBXSourcesBuildPhase;
			buildActionMask = 2147483647;
			files = (
				9B42A8A325D7E71500C16D49 /* MovieDB_iOSUITests.swift in Sources */,
			);
			runOnlyForDeploymentPostprocessing = 0;
		};
/* End PBXSourcesBuildPhase section */

/* Begin PBXTargetDependency section */
		9B42A89525D7E71500C16D49 /* PBXTargetDependency */ = {
			isa = PBXTargetDependency;
			target = 9B42A87C25D7E71400C16D49 /* MovieDB_iOS */;
			targetProxy = 9B42A89425D7E71500C16D49 /* PBXContainerItemProxy */;
		};
		9B42A8A025D7E71500C16D49 /* PBXTargetDependency */ = {
			isa = PBXTargetDependency;
			target = 9B42A87C25D7E71400C16D49 /* MovieDB_iOS */;
			targetProxy = 9B42A89F25D7E71500C16D49 /* PBXContainerItemProxy */;
		};
/* End PBXTargetDependency section */

/* Begin PBXVariantGroup section */
		9B42A88B25D7E71500C16D49 /* LaunchScreen.storyboard */ = {
			isa = PBXVariantGroup;
			children = (
				9B42A88C25D7E71500C16D49 /* Base */,
			);
			name = LaunchScreen.storyboard;
			sourceTree = "<group>";
		};
/* End PBXVariantGroup section */

/* Begin XCBuildConfiguration section */
		9B42A8A525D7E71500C16D49 /* Debug */ = {
			isa = XCBuildConfiguration;
			buildSettings = {
				ALWAYS_SEARCH_USER_PATHS = NO;
				CLANG_ANALYZER_NONNULL = YES;
				CLANG_ANALYZER_NUMBER_OBJECT_CONVERSION = YES_AGGRESSIVE;
				CLANG_CXX_LANGUAGE_STANDARD = "gnu++14";
				CLANG_CXX_LIBRARY = "libc++";
				CLANG_ENABLE_MODULES = YES;
				CLANG_ENABLE_OBJC_ARC = YES;
				CLANG_ENABLE_OBJC_WEAK = YES;
				CLANG_WARN_BLOCK_CAPTURE_AUTORELEASING = YES;
				CLANG_WARN_BOOL_CONVERSION = YES;
				CLANG_WARN_COMMA = YES;
				CLANG_WARN_CONSTANT_CONVERSION = YES;
				CLANG_WARN_DEPRECATED_OBJC_IMPLEMENTATIONS = YES;
				CLANG_WARN_DIRECT_OBJC_ISA_USAGE = YES_ERROR;
				CLANG_WARN_DOCUMENTATION_COMMENTS = YES;
				CLANG_WARN_EMPTY_BODY = YES;
				CLANG_WARN_ENUM_CONVERSION = YES;
				CLANG_WARN_INFINITE_RECURSION = YES;
				CLANG_WARN_INT_CONVERSION = YES;
				CLANG_WARN_NON_LITERAL_NULL_CONVERSION = YES;
				CLANG_WARN_OBJC_IMPLICIT_RETAIN_SELF = YES;
				CLANG_WARN_OBJC_LITERAL_CONVERSION = YES;
				CLANG_WARN_OBJC_ROOT_CLASS = YES_ERROR;
				CLANG_WARN_RANGE_LOOP_ANALYSIS = YES;
				CLANG_WARN_STRICT_PROTOTYPES = YES;
				CLANG_WARN_SUSPICIOUS_MOVE = YES;
				CLANG_WARN_UNGUARDED_AVAILABILITY = YES_AGGRESSIVE;
				CLANG_WARN_UNREACHABLE_CODE = YES;
				CLANG_WARN__DUPLICATE_METHOD_MATCH = YES;
				COPY_PHASE_STRIP = NO;
				DEBUG_INFORMATION_FORMAT = dwarf;
				ENABLE_STRICT_OBJC_MSGSEND = YES;
				ENABLE_TESTABILITY = YES;
				GCC_C_LANGUAGE_STANDARD = gnu11;
				GCC_DYNAMIC_NO_PIC = NO;
				GCC_NO_COMMON_BLOCKS = YES;
				GCC_OPTIMIZATION_LEVEL = 0;
				GCC_PREPROCESSOR_DEFINITIONS = (
					"DEBUG=1",
					"$(inherited)",
				);
				GCC_WARN_64_TO_32_BIT_CONVERSION = YES;
				GCC_WARN_ABOUT_RETURN_TYPE = YES_ERROR;
				GCC_WARN_UNDECLARED_SELECTOR = YES;
				GCC_WARN_UNINITIALIZED_AUTOS = YES_AGGRESSIVE;
				GCC_WARN_UNUSED_FUNCTION = YES;
				GCC_WARN_UNUSED_VARIABLE = YES;
				IPHONEOS_DEPLOYMENT_TARGET = 13.2;
				MTL_ENABLE_DEBUG_INFO = INCLUDE_SOURCE;
				MTL_FAST_MATH = YES;
				ONLY_ACTIVE_ARCH = YES;
				SDKROOT = iphoneos;
				SWIFT_ACTIVE_COMPILATION_CONDITIONS = DEBUG;
				SWIFT_OPTIMIZATION_LEVEL = "-Onone";
			};
			name = Debug;
		};
		9B42A8A625D7E71500C16D49 /* Release */ = {
			isa = XCBuildConfiguration;
			buildSettings = {
				ALWAYS_SEARCH_USER_PATHS = NO;
				CLANG_ANALYZER_NONNULL = YES;
				CLANG_ANALYZER_NUMBER_OBJECT_CONVERSION = YES_AGGRESSIVE;
				CLANG_CXX_LANGUAGE_STANDARD = "gnu++14";
				CLANG_CXX_LIBRARY = "libc++";
				CLANG_ENABLE_MODULES = YES;
				CLANG_ENABLE_OBJC_ARC = YES;
				CLANG_ENABLE_OBJC_WEAK = YES;
				CLANG_WARN_BLOCK_CAPTURE_AUTORELEASING = YES;
				CLANG_WARN_BOOL_CONVERSION = YES;
				CLANG_WARN_COMMA = YES;
				CLANG_WARN_CONSTANT_CONVERSION = YES;
				CLANG_WARN_DEPRECATED_OBJC_IMPLEMENTATIONS = YES;
				CLANG_WARN_DIRECT_OBJC_ISA_USAGE = YES_ERROR;
				CLANG_WARN_DOCUMENTATION_COMMENTS = YES;
				CLANG_WARN_EMPTY_BODY = YES;
				CLANG_WARN_ENUM_CONVERSION = YES;
				CLANG_WARN_INFINITE_RECURSION = YES;
				CLANG_WARN_INT_CONVERSION = YES;
				CLANG_WARN_NON_LITERAL_NULL_CONVERSION = YES;
				CLANG_WARN_OBJC_IMPLICIT_RETAIN_SELF = YES;
				CLANG_WARN_OBJC_LITERAL_CONVERSION = YES;
				CLANG_WARN_OBJC_ROOT_CLASS = YES_ERROR;
				CLANG_WARN_RANGE_LOOP_ANALYSIS = YES;
				CLANG_WARN_STRICT_PROTOTYPES = YES;
				CLANG_WARN_SUSPICIOUS_MOVE = YES;
				CLANG_WARN_UNGUARDED_AVAILABILITY = YES_AGGRESSIVE;
				CLANG_WARN_UNREACHABLE_CODE = YES;
				CLANG_WARN__DUPLICATE_METHOD_MATCH = YES;
				COPY_PHASE_STRIP = NO;
				DEBUG_INFORMATION_FORMAT = "dwarf-with-dsym";
				ENABLE_NS_ASSERTIONS = NO;
				ENABLE_STRICT_OBJC_MSGSEND = YES;
				GCC_C_LANGUAGE_STANDARD = gnu11;
				GCC_NO_COMMON_BLOCKS = YES;
				GCC_WARN_64_TO_32_BIT_CONVERSION = YES;
				GCC_WARN_ABOUT_RETURN_TYPE = YES_ERROR;
				GCC_WARN_UNDECLARED_SELECTOR = YES;
				GCC_WARN_UNINITIALIZED_AUTOS = YES_AGGRESSIVE;
				GCC_WARN_UNUSED_FUNCTION = YES;
				GCC_WARN_UNUSED_VARIABLE = YES;
				IPHONEOS_DEPLOYMENT_TARGET = 13.2;
				MTL_ENABLE_DEBUG_INFO = NO;
				MTL_FAST_MATH = YES;
				SDKROOT = iphoneos;
				SWIFT_COMPILATION_MODE = wholemodule;
				SWIFT_OPTIMIZATION_LEVEL = "-O";
				VALIDATE_PRODUCT = YES;
			};
			name = Release;
		};
		9B42A8A825D7E71500C16D49 /* Debug */ = {
			isa = XCBuildConfiguration;
			buildSettings = {
				ASSETCATALOG_COMPILER_APPICON_NAME = AppIcon;
				CODE_SIGN_STYLE = Automatic;
				DEVELOPMENT_ASSET_PATHS = "\"MovieDB_iOS/Preview Content\"";
				ENABLE_PREVIEWS = YES;
				INFOPLIST_FILE = MovieDB_iOS/Info.plist;
				LD_RUNPATH_SEARCH_PATHS = (
					"$(inherited)",
					"@executable_path/Frameworks",
				);
				PRODUCT_BUNDLE_IDENTIFIER = "example.MovieDB-iOS";
				PRODUCT_NAME = "$(TARGET_NAME)";
				SWIFT_VERSION = 5.0;
				TARGETED_DEVICE_FAMILY = "1,2";
			};
			name = Debug;
		};
		9B42A8A925D7E71500C16D49 /* Release */ = {
			isa = XCBuildConfiguration;
			buildSettings = {
				ASSETCATALOG_COMPILER_APPICON_NAME = AppIcon;
				CODE_SIGN_STYLE = Automatic;
				DEVELOPMENT_ASSET_PATHS = "\"MovieDB_iOS/Preview Content\"";
				ENABLE_PREVIEWS = YES;
				INFOPLIST_FILE = MovieDB_iOS/Info.plist;
				LD_RUNPATH_SEARCH_PATHS = (
					"$(inherited)",
					"@executable_path/Frameworks",
				);
				PRODUCT_BUNDLE_IDENTIFIER = "example.MovieDB-iOS";
				PRODUCT_NAME = "$(TARGET_NAME)";
				SWIFT_VERSION = 5.0;
				TARGETED_DEVICE_FAMILY = "1,2";
			};
			name = Release;
		};
		9B42A8AB25D7E71500C16D49 /* Debug */ = {
			isa = XCBuildConfiguration;
			buildSettings = {
				ALWAYS_EMBED_SWIFT_STANDARD_LIBRARIES = YES;
				BUNDLE_LOADER = "$(TEST_HOST)";
				CODE_SIGN_STYLE = Automatic;
				INFOPLIST_FILE = MovieDB_iOSTests/Info.plist;
				IPHONEOS_DEPLOYMENT_TARGET = 13.2;
				LD_RUNPATH_SEARCH_PATHS = (
					"$(inherited)",
					"@executable_path/Frameworks",
					"@loader_path/Frameworks",
				);
				PRODUCT_BUNDLE_IDENTIFIER = "example.MovieDB-iOSTests";
				PRODUCT_NAME = "$(TARGET_NAME)";
				SWIFT_VERSION = 5.0;
				TARGETED_DEVICE_FAMILY = "1,2";
				TEST_HOST = "$(BUILT_PRODUCTS_DIR)/MovieDB_iOS.app/MovieDB_iOS";
			};
			name = Debug;
		};
		9B42A8AC25D7E71500C16D49 /* Release */ = {
			isa = XCBuildConfiguration;
			buildSettings = {
				ALWAYS_EMBED_SWIFT_STANDARD_LIBRARIES = YES;
				BUNDLE_LOADER = "$(TEST_HOST)";
				CODE_SIGN_STYLE = Automatic;
				INFOPLIST_FILE = MovieDB_iOSTests/Info.plist;
				IPHONEOS_DEPLOYMENT_TARGET = 13.2;
				LD_RUNPATH_SEARCH_PATHS = (
					"$(inherited)",
					"@executable_path/Frameworks",
					"@loader_path/Frameworks",
				);
				PRODUCT_BUNDLE_IDENTIFIER = "example.MovieDB-iOSTests";
				PRODUCT_NAME = "$(TARGET_NAME)";
				SWIFT_VERSION = 5.0;
				TARGETED_DEVICE_FAMILY = "1,2";
				TEST_HOST = "$(BUILT_PRODUCTS_DIR)/MovieDB_iOS.app/MovieDB_iOS";
			};
			name = Release;
		};
		9B42A8AE25D7E71500C16D49 /* Debug */ = {
			isa = XCBuildConfiguration;
			buildSettings = {
				ALWAYS_EMBED_SWIFT_STANDARD_LIBRARIES = YES;
				CODE_SIGN_STYLE = Automatic;
				INFOPLIST_FILE = MovieDB_iOSUITests/Info.plist;
				LD_RUNPATH_SEARCH_PATHS = (
					"$(inherited)",
					"@executable_path/Frameworks",
					"@loader_path/Frameworks",
				);
				PRODUCT_BUNDLE_IDENTIFIER = "example.MovieDB-iOSUITests";
				PRODUCT_NAME = "$(TARGET_NAME)";
				SWIFT_VERSION = 5.0;
				TARGETED_DEVICE_FAMILY = "1,2";
				TEST_TARGET_NAME = MovieDB_iOS;
			};
			name = Debug;
		};
		9B42A8AF25D7E71500C16D49 /* Release */ = {
			isa = XCBuildConfiguration;
			buildSettings = {
				ALWAYS_EMBED_SWIFT_STANDARD_LIBRARIES = YES;
				CODE_SIGN_STYLE = Automatic;
				INFOPLIST_FILE = MovieDB_iOSUITests/Info.plist;
				LD_RUNPATH_SEARCH_PATHS = (
					"$(inherited)",
					"@executable_path/Frameworks",
					"@loader_path/Frameworks",
				);
				PRODUCT_BUNDLE_IDENTIFIER = "example.MovieDB-iOSUITests";
				PRODUCT_NAME = "$(TARGET_NAME)";
				SWIFT_VERSION = 5.0;
				TARGETED_DEVICE_FAMILY = "1,2";
				TEST_TARGET_NAME = MovieDB_iOS;
			};
			name = Release;
		};
/* End XCBuildConfiguration section */

/* Begin XCConfigurationList section */
		9B42A87825D7E71400C16D49 /* Build configuration list for PBXProject "MovieDB_iOS" */ = {
			isa = XCConfigurationList;
			buildConfigurations = (
				9B42A8A525D7E71500C16D49 /* Debug */,
				9B42A8A625D7E71500C16D49 /* Release */,
			);
			defaultConfigurationIsVisible = 0;
			defaultConfigurationName = Release;
		};
		9B42A8A725D7E71500C16D49 /* Build configuration list for PBXNativeTarget "MovieDB_iOS" */ = {
			isa = XCConfigurationList;
			buildConfigurations = (
				9B42A8A825D7E71500C16D49 /* Debug */,
				9B42A8A925D7E71500C16D49 /* Release */,
			);
			defaultConfigurationIsVisible = 0;
			defaultConfigurationName = Release;
		};
		9B42A8AA25D7E71500C16D49 /* Build configuration list for PBXNativeTarget "MovieDB_iOSTests" */ = {
			isa = XCConfigurationList;
			buildConfigurations = (
				9B42A8AB25D7E71500C16D49 /* Debug */,
				9B42A8AC25D7E71500C16D49 /* Release */,
			);
			defaultConfigurationIsVisible = 0;
			defaultConfigurationName = Release;
		};
		9B42A8AD25D7E71500C16D49 /* Build configuration list for PBXNativeTarget "MovieDB_iOSUITests" */ = {
			isa = XCConfigurationList;
			buildConfigurations = (
				9B42A8AE25D7E71500C16D49 /* Debug */,
				9B42A8AF25D7E71500C16D49 /* Release */,
			);
			defaultConfigurationIsVisible = 0;
			defaultConfigurationName = Release;
		};
/* End XCConfigurationList section */
	};
	rootObject = 9B42A87525D7E71400C16D49 /* Project object */;
}
